
Microsoft Visual Studio Solution File, Format Version 12.00
# Visual Studio 14
VisualStudioVersion = 14.0.25420.1
MinimumVisualStudioVersion = 10.0.40219.1
Project("{FAE04EC0-301F-11D3-BF4B-00C04F79EFBC}") = "SerializationTask", "SerializationTask\SerializationTask.csproj", "{6A17B441-8B77-4BC3-A704-5C08D3CE4703}"
EndProject
Project("{FAE04EC0-301F-11D3-BF4B-00C04F79EFBC}") = "Tests", "Tests\Tests.csproj", "{BCC5EB79-F2DC-496D-814B-83BC33428327}"
EndProject
Global
	GlobalSection(SolutionConfigurationPlatforms) = preSolution
		Debug|Any CPU = Debug|Any CPU
		Release|Any CPU = Release|Any CPU
	EndGlobalSection
	GlobalSection(ProjectConfigurationPlatforms) = postSolution
		{6A17B441-8B77-4BC3-A704-5C08D3CE4703}.Debug|Any CPU.ActiveCfg = Debug|Any CPU
		{6A17B441-8B77-4BC3-A704-5C08D3CE4703}.Debug|Any CPU.Build.0 = Debug|Any CPU
		{6A17B441-8B77-4BC3-A704-5C08D3CE4703}.Release|Any CPU.ActiveCfg = Release|Any CPU
		{6A17B441-8B77-4BC3-A704-5C08D3CE4703}.Release|Any CPU.Build.0 = Release|Any CPU
		{BCC5EB79-F2DC-496D-814B-83BC33428327}.Debug|Any CPU.ActiveCfg = Debug|Any CPU
		{BCC5EB79-F2DC-496D-814B-83BC33428327}.Debug|Any CPU.Build.0 = Debug|Any CPU
		{BCC5EB79-F2DC-496D-814B-83BC33428327}.Release|Any CPU.ActiveCfg = Release|Any CPU
		{BCC5EB79-F2DC-496D-814B-83BC33428327}.Release|Any CPU.Build.0 = Release|Any CPU
	EndGlobalSection
	GlobalSection(SolutionProperties) = preSolution
		HideSolutionNode = FALSE
	EndGlobalSection
	GlobalSection(TeamFoundationVersionControl) = preSolution
		SccNumberOfProjects = 3
		SccEnterpriseProvider = {4CA58AB2-18FA-4F8D-95D4-32DDF27D184C}
		SccTeamFoundationServer = http://dev-tfs:8080/tfs/studentprojects
		SccLocalPath0 = .
		SccProjectUniqueName1 = SerializationTask\\SerializationTask.csproj
		SccProjectName1 = SerializationTask
		SccLocalPath1 = SerializationTask
		SccProjectUniqueName2 = Tests\\Tests.csproj
		SccProjectName2 = Tests
		SccLocalPath2 = Tests
	EndGlobalSection
EndGlobal
